
Microsoft Visual Studio Solution File, Format Version 12.00
# Visual Studio Version 16
VisualStudioVersion = 16.0.32228.343
MinimumVisualStudioVersion = 10.0.40219.1
Project("{F14B399A-7131-4C87-9E4B-1186C45EF12D}") = "Compra_Filas_Reporte1", "Compra_Filas_Reporte1\Compra_Filas_Reporte1.rptproj", "{B8407938-8458-42EA-898A-DB7AB962E688}"
EndProject
Global
	GlobalSection(SolutionConfigurationPlatforms) = preSolution
		Debug|Default = Debug|Default
		DebugLocal|Default = DebugLocal|Default
		Release|Default = Release|Default
	EndGlobalSection
	GlobalSection(ProjectConfigurationPlatforms) = postSolution
		{B8407938-8458-42EA-898A-DB7AB962E688}.Debug|Default.ActiveCfg = Debug
		{B8407938-8458-42EA-898A-DB7AB962E688}.Debug|Default.Build.0 = Debug
		{B8407938-8458-42EA-898A-DB7AB962E688}.Debug|Default.Deploy.0 = Debug
		{B8407938-8458-42EA-898A-DB7AB962E688}.DebugLocal|Default.ActiveCfg = DebugLocal
		{B8407938-8458-42EA-898A-DB7AB962E688}.DebugLocal|Default.Build.0 = DebugLocal
		{B8407938-8458-42EA-898A-DB7AB962E688}.Release|Default.ActiveCfg = Release
		{B8407938-8458-42EA-898A-DB7AB962E688}.Release|Default.Build.0 = Release
		{B8407938-8458-42EA-898A-DB7AB962E688}.Release|Default.Deploy.0 = Release
	EndGlobalSection
	GlobalSection(SolutionProperties) = preSolution
		HideSolutionNode = FALSE
	EndGlobalSection
	GlobalSection(ExtensibilityGlobals) = postSolution
		SolutionGuid = {114D5BC0-5F8F-4368-A292-5244A425479E}
	EndGlobalSection
EndGlobal
